
Microsoft Visual Studio Solution File, Format Version 12.00
Project("{FAE04EC0-301F-11D3-BF4B-00C04F79EFBC}") = "PHMITasks", "PHMITasks\PHMITasks.csproj", "{C83079B2-4E04-44CF-BAD4-FCB36335A9D0}"
EndProject
Global
	GlobalSection(SolutionConfigurationPlatforms) = preSolution
		Debug|Any CPU = Debug|Any CPU
		Release|Any CPU = Release|Any CPU
	EndGlobalSection
	GlobalSection(ProjectConfigurationPlatforms) = postSolution
		{C83079B2-4E04-44CF-BAD4-FCB36335A9D0}.Debug|Any CPU.ActiveCfg = Debug|Any CPU
		{C83079B2-4E04-44CF-BAD4-FCB36335A9D0}.Debug|Any CPU.Build.0 = Debug|Any CPU
		{C83079B2-4E04-44CF-BAD4-FCB36335A9D0}.Release|Any CPU.ActiveCfg = Release|Any CPU
		{C83079B2-4E04-44CF-BAD4-FCB36335A9D0}.Release|Any CPU.Build.0 = Release|Any CPU
	EndGlobalSection
EndGlobal
